
Microsoft Visual Studio Solution File, Format Version 12.00
# Visual Studio Version 16
VisualStudioVersion = 16.0.29613.14
MinimumVisualStudioVersion = 10.0.40219.1
Project("{FAE04EC0-301F-11D3-BF4B-00C04F79EFBC}") = "EFDAL", "EFDAL.csproj", "{C83C4174-17CB-492A-B1EA-6104896D0E6F}"
EndProject
Project("{FAE04EC0-301F-11D3-BF4B-00C04F79EFBC}") = "EMSClient", "..\EMSClient\EMSClient.csproj", "{01C29D12-6568-4D32-B634-6B8E2D38860E}"
EndProject
Global
	GlobalSection(SolutionConfigurationPlatforms) = preSolution
		Debug|Any CPU = Debug|Any CPU
		Release|Any CPU = Release|Any CPU
	EndGlobalSection
	GlobalSection(ProjectConfigurationPlatforms) = postSolution
		{C83C4174-17CB-492A-B1EA-6104896D0E6F}.Debug|Any CPU.ActiveCfg = Debug|Any CPU
		{C83C4174-17CB-492A-B1EA-6104896D0E6F}.Debug|Any CPU.Build.0 = Debug|Any CPU
		{C83C4174-17CB-492A-B1EA-6104896D0E6F}.Release|Any CPU.ActiveCfg = Release|Any CPU
		{C83C4174-17CB-492A-B1EA-6104896D0E6F}.Release|Any CPU.Build.0 = Release|Any CPU
		{01C29D12-6568-4D32-B634-6B8E2D38860E}.Debug|Any CPU.ActiveCfg = Debug|Any CPU
		{01C29D12-6568-4D32-B634-6B8E2D38860E}.Debug|Any CPU.Build.0 = Debug|Any CPU
		{01C29D12-6568-4D32-B634-6B8E2D38860E}.Release|Any CPU.ActiveCfg = Release|Any CPU
		{01C29D12-6568-4D32-B634-6B8E2D38860E}.Release|Any CPU.Build.0 = Release|Any CPU
	EndGlobalSection
	GlobalSection(SolutionProperties) = preSolution
		HideSolutionNode = FALSE
	EndGlobalSection
	GlobalSection(ExtensibilityGlobals) = postSolution
		SolutionGuid = {A788399D-F487-43B2-8292-492FC1ECD513}
	EndGlobalSection
EndGlobal
